# Regenerate with: uv pip compile pyproject.toml -o requirements.lock
#
# To upgrade packages:
#   1. Update exclude-newer in pyproject.toml to 2 days before today
#   2. Run: uv pip compile pyproject.toml -o requirements.lock
#
# This file was autogenerated by uv via the following command:
#    uv pip compile pyproject.toml -o requirements.lock
certifi==2026.2.25
    # via requests
charset-normalizer==3.4.6
    # via requests
idna==3.11
    # via requests
protobuf==7.34.1
    # via kagglesdk (pyproject.toml)
requests==2.33.1
    # via kagglesdk (pyproject.toml)
urllib3==2.6.3
    # via requests
